<?xml version="1.0" encoding="utf-8"?>
<Project ToolsVersion="4.0" xmlns="http://schemas.microsoft.com/developer/msbuild/2003">
  <ItemGroup>
    <Filter Include="源文件">
      <UniqueIdentifier>{4FC737F1-C7A5-4376-A066-2A32D752A2FF}</UniqueIdentifier>
      <Extensions>cpp;c;cc;cxx;def;odl;idl;hpj;bat;asm;asmx</Extensions>
    </Filter>
    <Filter Include="头文件">
      <UniqueIdentifier>{93995380-89BD-4b04-88EB-625FBE52EBFB}</UniqueIdentifier>
      <Extensions>h;hpp;hxx;hm;inl;inc;xsd</Extensions>
    </Filter>
    <Filter Include="资源文件">
      <UniqueIdentifier>{67DA6AB6-F800-4c08-8B7A-83BB121AAD01}</UniqueIdentifier>
      <Extensions>rc;ico;cur;bmp;dlg;rc2;rct;bin;rgs;gif;jpg;jpeg;jpe;resx;tiff;tif;png;wav;mfcribbon-ms</Extensions>
    </Filter>
  </ItemGroup>
  <ItemGroup>
    <ClCompile Include="main.cpp">
      <Filter>源文件</Filter>
    </ClCompile>
    <ClCompile Include="Proc.cpp">
      <Filter>源文件</Filter>
    </ClCompile>
    <ClCompile Include="Reg.cpp">
      <Filter>源文件</Filter>
    </ClCompile>
    <ClCompile Include="File.cpp">
      <Filter>源文件</Filter>
    </ClCompile>
    <ClCompile Include="Log.cpp">
      <Filter>源文件</Filter>
    </ClCompile>
    <ClCompile Include="Rules.cpp">
      <Filter>源文件</Filter>
    </ClCompile>
    <ClCompile Include="DriverControl.cpp">
      <Filter>源文件</Filter>
    </ClCompile>
    <ClCompile Include="ProcessInfo.cpp">
      <Filter>源文件</Filter>
    </ClCompile>
    <ClCompile Include="hash.cpp">
      <Filter>源文件</Filter>
    </ClCompile>
    <ClCompile Include="match.cpp">
      <Filter>源文件</Filter>
    </ClCompile>
  </ItemGroup>
  <ItemGroup>
    <ClInclude Include="resource.h">
      <Filter>头文件</Filter>
    </ClInclude>
    <ClInclude Include="Common.h">
      <Filter>头文件</Filter>
    </ClInclude>
  </ItemGroup>
  <ItemGroup>
    <ResourceCompile Include="main.rc">
      <Filter>资源文件</Filter>
    </ResourceCompile>
  </ItemGroup>
  <ItemGroup>
    <None Include="res\back.bmp">
      <Filter>资源文件</Filter>
    </None>
    <None Include="res\all.ico">
      <Filter>资源文件</Filter>
    </None>
    <None Include="res\back_1.bmp">
      <Filter>资源文件</Filter>
    </None>
    <None Include="res\off_.bmp">
      <Filter>资源文件</Filter>
    </None>
    <None Include="res\off_s.bmp">
      <Filter>资源文件</Filter>
    </None>
    <None Include="res\on_.bmp">
      <Filter>资源文件</Filter>
    </None>
    <None Include="res\on_s.bmp">
      <Filter>资源文件</Filter>
    </None>
    <None Include="res\按钮.卸载.bmp">
      <Filter>资源文件</Filter>
    </None>
    <None Include="res\按钮.卸载.hit.bmp">
      <Filter>资源文件</Filter>
    </None>
    <None Include="res\按钮.日志.bmp">
      <Filter>资源文件</Filter>
    </None>
    <None Include="res\按钮.日志.hit.bmp">
      <Filter>资源文件</Filter>
    </None>
    <None Include="res\按钮.规则.bmp">
      <Filter>资源文件</Filter>
    </None>
    <None Include="res\按钮.规则.hit.bmp">
      <Filter>资源文件</Filter>
    </None>
    <None Include="res\按钮.进程.bmp">
      <Filter>资源文件</Filter>
    </None>
    <None Include="res\按钮.进程.hit.bmp">
      <Filter>资源文件</Filter>
    </None>
  </ItemGroup>
</Project>